{
  "name": "@web-atoms/static-generator",
  "version": "1.1.200",
  "lockfileVersion": 1,
  "requires": true,
  "dependencies": {
    "@types/ejs": {
      "version": "2.7.0",
      "resolved": "https://registry.npmjs.org/@types/ejs/-/ejs-2.7.0.tgz",
      "integrity": "sha512-kM2g9Fdk/du24fKuuQhA/LBleFR4Z4JP2MVKpLxQQSzofF1uJ06D+c05zfLDAkkDO55aEeNwJih0gHrE/Ci20A==",
      "dev": true
    },
    "@types/node": {
      "version": "11.15.47",
      "resolved": "https://registry.npmjs.org/@types/node/-/node-11.15.47.tgz",
      "integrity": "sha512-S4vrkrslntCM+1cw9Q27M/doWQrZklb9lOyo4b+K27SOo5jZYEKY5epdixySx7OI+A67DMJ8W/XBiLMBiI452A==",
      "dev": true
    },
    "@web-atoms/core": {
      "version": "2.0.7",
      "resolved": "https://registry.npmjs.org/@web-atoms/core/-/core-2.0.7.tgz",
      "integrity": "sha512-tdrPgY5p0n/M9THKzQZqQpH3CCTdFa1WVtojVEPqT045JOzq8XNM625LkFOmEJKHbWj9xftUEYdXq4GOvzgRsg==",
      "requires": {
        "@web-atoms/date-time": "^1.0.26",
        "reflect-metadata": "^0.1.13"
      }
    },
    "@web-atoms/date-time": {
      "version": "1.0.26",
      "resolved": "https://registry.npmjs.org/@web-atoms/date-time/-/date-time-1.0.26.tgz",
      "integrity": "sha512-tMtmCjYOK537j8DNj5vsqm7SUYVZ+IUvg8UGsPGF+2z3lsURBsggWPulnBc3yliB1aBMZwRKuJfzbjKgVKPoag=="
    },
    "@web-atoms/module-loader": {
      "version": "2.0.8",
      "resolved": "https://registry.npmjs.org/@web-atoms/module-loader/-/module-loader-2.0.8.tgz",
      "integrity": "sha512-j87QZCofSuMn/vRlhvaPFX4VCiz4dNyTrYg2Ff8Uqj0k069H0J4NvZcpmPVCXJz6/HAUCAajhxcjyRduMbdJ+Q=="
    },
    "fs": {
      "version": "0.0.1-security",
      "resolved": "https://registry.npmjs.org/fs/-/fs-0.0.1-security.tgz",
      "integrity": "sha1-invTcYa23d84E/I4WLV+yq9eQdQ=",
      "dev": true
    },
    "reflect-metadata": {
      "version": "0.1.13",
      "resolved": "https://registry.npmjs.org/reflect-metadata/-/reflect-metadata-0.1.13.tgz",
      "integrity": "sha512-Ts1Y/anZELhSsjMcU605fU9RE4Oi3p5ORujwbIKXfWa+0Zxs510Qrmrce5/Jowq3cHSZSJqBjypxmHarc+vEWg=="
    }
  }
}
